
Microsoft Visual Studio Solution File, Format Version 12.00
# Visual Studio Version 17
VisualStudioVersion = 17.5.002.0
MinimumVisualStudioVersion = 10.0.40219.1
Project("{9A19103F-16F7-4668-BE54-9A1E7A4F7556}") = "task1", "task1\task1.csproj", "{5C180273-3D7F-404F-BDDF-9DBDFC54C309}"
EndProject
Global
	GlobalSection(SolutionConfigurationPlatforms) = preSolution
		Debug|Any CPU = Debug|Any CPU
		Release|Any CPU = Release|Any CPU
	EndGlobalSection
	GlobalSection(ProjectConfigurationPlatforms) = postSolution
		{5C180273-3D7F-404F-BDDF-9DBDFC54C309}.Debug|Any CPU.ActiveCfg = Debug|Any CPU
		{5C180273-3D7F-404F-BDDF-9DBDFC54C309}.Debug|Any CPU.Build.0 = Debug|Any CPU
		{5C180273-3D7F-404F-BDDF-9DBDFC54C309}.Release|Any CPU.ActiveCfg = Release|Any CPU
		{5C180273-3D7F-404F-BDDF-9DBDFC54C309}.Release|Any CPU.Build.0 = Release|Any CPU
	EndGlobalSection
	GlobalSection(SolutionProperties) = preSolution
		HideSolutionNode = FALSE
	EndGlobalSection
	GlobalSection(ExtensibilityGlobals) = postSolution
		SolutionGuid = {3724CBF6-36FB-4591-B36A-4A9ECB4C2873}
	EndGlobalSection
EndGlobal
